// !$*UTF8*$!
{
	archiveVersion = 1;
	classes = {
	};
	objectVersion = 48;
	objects = {

/* Begin PBXBuildFile section */
		EFB570C0206F768800C3AD35 /* main.cpp in Sources */ = {isa = PBXBuildFile; fileRef = EFB570BF206F768800C3AD35 /* main.cpp */; };
		EFB570C2206F773A00C3AD35 /* main.cpp in Sources */ = {isa = PBXBuildFile; fileRef = EFB570C1206F773A00C3AD35 /* main.cpp */; };
		EFB570CA206F9B5300C3AD35 /* main.cpp in Sources */ = {isa = PBXBuildFile; fileRef = EFB570C9206F9B5300C3AD35 /* main.cpp */; };
		EFB570D5206F9F9800C3AD35 /* main.cpp in Sources */ = {isa = PBXBuildFile; fileRef = EFB570D4206F9F9800C3AD35 /* main.cpp */; };
/* End PBXBuildFile section */

/* Begin PBXCopyFilesBuildPhase section */
		EFB570A0206F753A00C3AD35 /* CopyFiles */ = {
			isa = PBXCopyFilesBuildPhase;
			buildActionMask = 2147483647;
			dstPath = /usr/share/man/man1/;
			dstSubfolderSpec = 0;
			files = (
			);
			runOnlyForDeploymentPostprocessing = 1;
		};
		EFB570B6206F764600C3AD35 /* CopyFiles */ = {
			isa = PBXCopyFilesBuildPhase;
			buildActionMask = 2147483647;
			dstPath = /usr/share/man/man1/;
			dstSubfolderSpec = 0;
			files = (
			);
			runOnlyForDeploymentPostprocessing = 1;
		};
		EFB570C5206F9B5300C3AD35 /* CopyFiles */ = {
			isa = PBXCopyFilesBuildPhase;
			buildActionMask = 2147483647;
			dstPath = /usr/share/man/man1/;
			dstSubfolderSpec = 0;
			files = (
			);
			runOnlyForDeploymentPostprocessing = 1;
		};
		EFB570D0206F9F9800C3AD35 /* CopyFiles */ = {
			isa = PBXCopyFilesBuildPhase;
			buildActionMask = 2147483647;
			dstPath = /usr/share/man/man1/;
			dstSubfolderSpec = 0;
			files = (
			);
			runOnlyForDeploymentPostprocessing = 1;
		};
/* End PBXCopyFilesBuildPhase section */

/* Begin PBXFileReference section */
		EFB570A2206F753A00C3AD35 /* 36. Reverse Linked List II */ = {isa = PBXFileReference; explicitFileType = "compiled.mach-o.executable"; includeInIndex = 0; path = "36. Reverse Linked List II"; sourceTree = BUILT_PRODUCTS_DIR; };
		EFB570B8206F764600C3AD35 /* 35. Reverse Linked List */ = {isa = PBXFileReference; explicitFileType = "compiled.mach-o.executable"; includeInIndex = 0; path = "35. Reverse Linked List"; sourceTree = BUILT_PRODUCTS_DIR; };
		EFB570BF206F768800C3AD35 /* main.cpp */ = {isa = PBXFileReference; lastKnownFileType = sourcecode.cpp.cpp; path = main.cpp; sourceTree = "<group>"; };
		EFB570C1206F773A00C3AD35 /* main.cpp */ = {isa = PBXFileReference; fileEncoding = 4; lastKnownFileType = sourcecode.cpp.cpp; path = main.cpp; sourceTree = "<group>"; };
		EFB570C7206F9B5300C3AD35 /* 380. Intersection of Two Linked Lists */ = {isa = PBXFileReference; explicitFileType = "compiled.mach-o.executable"; includeInIndex = 0; path = "380. Intersection of Two Linked Lists"; sourceTree = BUILT_PRODUCTS_DIR; };
		EFB570C9206F9B5300C3AD35 /* main.cpp */ = {isa = PBXFileReference; lastKnownFileType = sourcecode.cpp.cpp; path = main.cpp; sourceTree = "<group>"; };
		EFB570D2206F9F9800C3AD35 /* 102. Linked List Cycle */ = {isa = PBXFileReference; explicitFileType = "compiled.mach-o.executable"; includeInIndex = 0; path = "102. Linked List Cycle"; sourceTree = BUILT_PRODUCTS_DIR; };
		EFB570D4206F9F9800C3AD35 /* main.cpp */ = {isa = PBXFileReference; lastKnownFileType = sourcecode.cpp.cpp; path = main.cpp; sourceTree = "<group>"; };
/* End PBXFileReference section */

/* Begin PBXFrameworksBuildPhase section */
		EFB5709F206F753A00C3AD35 /* Frameworks */ = {
			isa = PBXFrameworksBuildPhase;
			buildActionMask = 2147483647;
			files = (
			);
			runOnlyForDeploymentPostprocessing = 0;
		};
		EFB570B5206F764600C3AD35 /* Frameworks */ = {
			isa = PBXFrameworksBuildPhase;
			buildActionMask = 2147483647;
			files = (
			);
			runOnlyForDeploymentPostprocessing = 0;
		};
		EFB570C4206F9B5300C3AD35 /* Frameworks */ = {
			isa = PBXFrameworksBuildPhase;
			buildActionMask = 2147483647;
			files = (
			);
			runOnlyForDeploymentPostprocessing = 0;
		};
		EFB570CF206F9F9800C3AD35 /* Frameworks */ = {
			isa = PBXFrameworksBuildPhase;
			buildActionMask = 2147483647;
			files = (
			);
			runOnlyForDeploymentPostprocessing = 0;
		};
/* End PBXFrameworksBuildPhase section */

/* Begin PBXGroup section */
		EFB5707F206F6E8000C3AD35 = {
			isa = PBXGroup;
			children = (
				EFB570A3206F753A00C3AD35 /* 36. Reverse Linked List II */,
				EFB570B9206F764600C3AD35 /* 35. Reverse Linked List */,
				EFB570C8206F9B5300C3AD35 /* 380. Intersection of Two Linked Lists */,
				EFB570D3206F9F9800C3AD35 /* 102. Linked List Cycle */,
				EFB57089206F6E8000C3AD35 /* Products */,
			);
			sourceTree = "<group>";
		};
		EFB57089206F6E8000C3AD35 /* Products */ = {
			isa = PBXGroup;
			children = (
				EFB570A2206F753A00C3AD35 /* 36. Reverse Linked List II */,
				EFB570B8206F764600C3AD35 /* 35. Reverse Linked List */,
				EFB570C7206F9B5300C3AD35 /* 380. Intersection of Two Linked Lists */,
				EFB570D2206F9F9800C3AD35 /* 102. Linked List Cycle */,
			);
			name = Products;
			sourceTree = "<group>";
		};
		EFB570A3206F753A00C3AD35 /* 36. Reverse Linked List II */ = {
			isa = PBXGroup;
			children = (
				EFB570C1206F773A00C3AD35 /* main.cpp */,
			);
			path = "36. Reverse Linked List II";
			sourceTree = "<group>";
		};
		EFB570B9206F764600C3AD35 /* 35. Reverse Linked List */ = {
			isa = PBXGroup;
			children = (
				EFB570BF206F768800C3AD35 /* main.cpp */,
			);
			path = "35. Reverse Linked List";
			sourceTree = "<group>";
		};
		EFB570C8206F9B5300C3AD35 /* 380. Intersection of Two Linked Lists */ = {
			isa = PBXGroup;
			children = (
				EFB570C9206F9B5300C3AD35 /* main.cpp */,
			);
			path = "380. Intersection of Two Linked Lists";
			sourceTree = "<group>";
		};
		EFB570D3206F9F9800C3AD35 /* 102. Linked List Cycle */ = {
			isa = PBXGroup;
			children = (
				EFB570D4206F9F9800C3AD35 /* main.cpp */,
			);
			path = "102. Linked List Cycle";
			sourceTree = "<group>";
		};
/* End PBXGroup section */

/* Begin PBXNativeTarget section */
		EFB570A1206F753A00C3AD35 /* 36. Reverse Linked List II */ = {
			isa = PBXNativeTarget;
			buildConfigurationList = EFB570A6206F753A00C3AD35 /* Build configuration list for PBXNativeTarget "36. Reverse Linked List II" */;
			buildPhases = (
				EFB5709E206F753A00C3AD35 /* Sources */,
				EFB5709F206F753A00C3AD35 /* Frameworks */,
				EFB570A0206F753A00C3AD35 /* CopyFiles */,
			);
			buildRules = (
			);
			dependencies = (
			);
			name = "36. Reverse Linked List II";
			productName = "36. Reverse Linked List II";
			productReference = EFB570A2206F753A00C3AD35 /* 36. Reverse Linked List II */;
			productType = "com.apple.product-type.tool";
		};
		EFB570B7206F764600C3AD35 /* 35. Reverse Linked List */ = {
			isa = PBXNativeTarget;
			buildConfigurationList = EFB570BC206F764600C3AD35 /* Build configuration list for PBXNativeTarget "35. Reverse Linked List" */;
			buildPhases = (
				EFB570B4206F764600C3AD35 /* Sources */,
				EFB570B5206F764600C3AD35 /* Frameworks */,
				EFB570B6206F764600C3AD35 /* CopyFiles */,
			);
			buildRules = (
			);
			dependencies = (
			);
			name = "35. Reverse Linked List";
			productName = "35. Reverse Linked List";
			productReference = EFB570B8206F764600C3AD35 /* 35. Reverse Linked List */;
			productType = "com.apple.product-type.tool";
		};
		EFB570C6206F9B5300C3AD35 /* 380. Intersection of Two Linked Lists */ = {
			isa = PBXNativeTarget;
			buildConfigurationList = EFB570CD206F9B5300C3AD35 /* Build configuration list for PBXNativeTarget "380. Intersection of Two Linked Lists" */;
			buildPhases = (
				EFB570C3206F9B5300C3AD35 /* Sources */,
				EFB570C4206F9B5300C3AD35 /* Frameworks */,
				EFB570C5206F9B5300C3AD35 /* CopyFiles */,
			);
			buildRules = (
			);
			dependencies = (
			);
			name = "380. Intersection of Two Linked Lists";
			productName = "380. Intersection of Two Linked Lists";
			productReference = EFB570C7206F9B5300C3AD35 /* 380. Intersection of Two Linked Lists */;
			productType = "com.apple.product-type.tool";
		};
		EFB570D1206F9F9800C3AD35 /* 102. Linked List Cycle */ = {
			isa = PBXNativeTarget;
			buildConfigurationList = EFB570D6206F9F9800C3AD35 /* Build configuration list for PBXNativeTarget "102. Linked List Cycle" */;
			buildPhases = (
				EFB570CE206F9F9800C3AD35 /* Sources */,
				EFB570CF206F9F9800C3AD35 /* Frameworks */,
				EFB570D0206F9F9800C3AD35 /* CopyFiles */,
			);
			buildRules = (
			);
			dependencies = (
			);
			name = "102. Linked List Cycle";
			productName = "102. Linked List Cycle";
			productReference = EFB570D2206F9F9800C3AD35 /* 102. Linked List Cycle */;
			productType = "com.apple.product-type.tool";
		};
/* End PBXNativeTarget section */

/* Begin PBXProject section */
		EFB57080206F6E8000C3AD35 /* Project object */ = {
			isa = PBXProject;
			attributes = {
				LastUpgradeCheck = 0920;
				ORGANIZATIONNAME = Shuyu;
				TargetAttributes = {
					EFB570A1206F753A00C3AD35 = {
						CreatedOnToolsVersion = 9.2;
						ProvisioningStyle = Automatic;
					};
					EFB570B7206F764600C3AD35 = {
						CreatedOnToolsVersion = 9.2;
						ProvisioningStyle = Automatic;
					};
					EFB570C6206F9B5300C3AD35 = {
						CreatedOnToolsVersion = 9.2;
						ProvisioningStyle = Automatic;
					};
					EFB570D1206F9F9800C3AD35 = {
						CreatedOnToolsVersion = 9.2;
						ProvisioningStyle = Automatic;
					};
				};
			};
			buildConfigurationList = EFB57083206F6E8000C3AD35 /* Build configuration list for PBXProject "Immortals" */;
			compatibilityVersion = "Xcode 8.0";
			developmentRegion = en;
			hasScannedForEncodings = 0;
			knownRegions = (
				en,
			);
			mainGroup = EFB5707F206F6E8000C3AD35;
			productRefGroup = EFB57089206F6E8000C3AD35 /* Products */;
			projectDirPath = "";
			projectRoot = "";
			targets = (
				EFB570A1206F753A00C3AD35 /* 36. Reverse Linked List II */,
				EFB570B7206F764600C3AD35 /* 35. Reverse Linked List */,
				EFB570C6206F9B5300C3AD35 /* 380. Intersection of Two Linked Lists */,
				EFB570D1206F9F9800C3AD35 /* 102. Linked List Cycle */,
			);
		};
/* End PBXProject section */

/* Begin PBXSourcesBuildPhase section */
		EFB5709E206F753A00C3AD35 /* Sources */ = {
			isa = PBXSourcesBuildPhase;
			buildActionMask = 2147483647;
			files = (
				EFB570C2206F773A00C3AD35 /* main.cpp in Sources */,
			);
			runOnlyForDeploymentPostprocessing = 0;
		};
		EFB570B4206F764600C3AD35 /* Sources */ = {
			isa = PBXSourcesBuildPhase;
			buildActionMask = 2147483647;
			files = (
				EFB570C0206F768800C3AD35 /* main.cpp in Sources */,
			);
			runOnlyForDeploymentPostprocessing = 0;
		};
		EFB570C3206F9B5300C3AD35 /* Sources */ = {
			isa = PBXSourcesBuildPhase;
			buildActionMask = 2147483647;
			files = (
				EFB570CA206F9B5300C3AD35 /* main.cpp in Sources */,
			);
			runOnlyForDeploymentPostprocessing = 0;
		};
		EFB570CE206F9F9800C3AD35 /* Sources */ = {
			isa = PBXSourcesBuildPhase;
			buildActionMask = 2147483647;
			files = (
				EFB570D5206F9F9800C3AD35 /* main.cpp in Sources */,
			);
			runOnlyForDeploymentPostprocessing = 0;
		};
/* End PBXSourcesBuildPhase section */

/* Begin XCBuildConfiguration section */
		EFB5708D206F6E8000C3AD35 /* Debug */ = {
			isa = XCBuildConfiguration;
			buildSettings = {
				ALWAYS_SEARCH_USER_PATHS = NO;
				CLANG_ANALYZER_NONNULL = YES;
				CLANG_ANALYZER_NUMBER_OBJECT_CONVERSION = YES_AGGRESSIVE;
				CLANG_CXX_LANGUAGE_STANDARD = "gnu++14";
				CLANG_CXX_LIBRARY = "libc++";
				CLANG_ENABLE_MODULES = YES;
				CLANG_ENABLE_OBJC_ARC = YES;
				CLANG_WARN_BLOCK_CAPTURE_AUTORELEASING = YES;
				CLANG_WARN_BOOL_CONVERSION = YES;
				CLANG_WARN_COMMA = YES;
				CLANG_WARN_CONSTANT_CONVERSION = YES;
				CLANG_WARN_DIRECT_OBJC_ISA_USAGE = YES_ERROR;
				CLANG_WARN_DOCUMENTATION_COMMENTS = YES;
				CLANG_WARN_EMPTY_BODY = YES;
				CLANG_WARN_ENUM_CONVERSION = YES;
				CLANG_WARN_INFINITE_RECURSION = YES;
				CLANG_WARN_INT_CONVERSION = YES;
				CLANG_WARN_NON_LITERAL_NULL_CONVERSION = YES;
				CLANG_WARN_OBJC_LITERAL_CONVERSION = YES;
				CLANG_WARN_OBJC_ROOT_CLASS = YES_ERROR;
				CLANG_WARN_RANGE_LOOP_ANALYSIS = YES;
				CLANG_WARN_STRICT_PROTOTYPES = YES;
				CLANG_WARN_SUSPICIOUS_MOVE = YES;
				CLANG_WARN_UNGUARDED_AVAILABILITY = YES_AGGRESSIVE;
				CLANG_WARN_UNREACHABLE_CODE = YES;
				CLANG_WARN__DUPLICATE_METHOD_MATCH = YES;
				CODE_SIGN_IDENTITY = "-";
				COPY_PHASE_STRIP = NO;
				DEBUG_INFORMATION_FORMAT = dwarf;
				ENABLE_STRICT_OBJC_MSGSEND = YES;
				ENABLE_TESTABILITY = YES;
				GCC_C_LANGUAGE_STANDARD = gnu11;
				GCC_DYNAMIC_NO_PIC = NO;
				GCC_NO_COMMON_BLOCKS = YES;
				GCC_OPTIMIZATION_LEVEL = 0;
				GCC_PREPROCESSOR_DEFINITIONS = (
					"DEBUG=1",
					"$(inherited)",
				);
				GCC_WARN_64_TO_32_BIT_CONVERSION = YES;
				GCC_WARN_ABOUT_RETURN_TYPE = YES_ERROR;
				GCC_WARN_UNDECLARED_SELECTOR = YES;
				GCC_WARN_UNINITIALIZED_AUTOS = YES_AGGRESSIVE;
				GCC_WARN_UNUSED_FUNCTION = YES;
				GCC_WARN_UNUSED_VARIABLE = YES;
				MACOSX_DEPLOYMENT_TARGET = 10.13;
				MTL_ENABLE_DEBUG_INFO = YES;
				ONLY_ACTIVE_ARCH = YES;
				SDKROOT = macosx;
			};
			name = Debug;
		};
		EFB5708E206F6E8000C3AD35 /* Release */ = {
			isa = XCBuildConfiguration;
			buildSettings = {
				ALWAYS_SEARCH_USER_PATHS = NO;
				CLANG_ANALYZER_NONNULL = YES;
				CLANG_ANALYZER_NUMBER_OBJECT_CONVERSION = YES_AGGRESSIVE;
				CLANG_CXX_LANGUAGE_STANDARD = "gnu++14";
				CLANG_CXX_LIBRARY = "libc++";
				CLANG_ENABLE_MODULES = YES;
				CLANG_ENABLE_OBJC_ARC = YES;
				CLANG_WARN_BLOCK_CAPTURE_AUTORELEASING = YES;
				CLANG_WARN_BOOL_CONVERSION = YES;
				CLANG_WARN_COMMA = YES;
				CLANG_WARN_CONSTANT_CONVERSION = YES;
				CLANG_WARN_DIRECT_OBJC_ISA_USAGE = YES_ERROR;
				CLANG_WARN_DOCUMENTATION_COMMENTS = YES;
				CLANG_WARN_EMPTY_BODY = YES;
				CLANG_WARN_ENUM_CONVERSION = YES;
				CLANG_WARN_INFINITE_RECURSION = YES;
				CLANG_WARN_INT_CONVERSION = YES;
				CLANG_WARN_NON_LITERAL_NULL_CONVERSION = YES;
				CLANG_WARN_OBJC_LITERAL_CONVERSION = YES;
				CLANG_WARN_OBJC_ROOT_CLASS = YES_ERROR;
				CLANG_WARN_RANGE_LOOP_ANALYSIS = YES;
				CLANG_WARN_STRICT_PROTOTYPES = YES;
				CLANG_WARN_SUSPICIOUS_MOVE = YES;
				CLANG_WARN_UNGUARDED_AVAILABILITY = YES_AGGRESSIVE;
				CLANG_WARN_UNREACHABLE_CODE = YES;
				CLANG_WARN__DUPLICATE_METHOD_MATCH = YES;
				CODE_SIGN_IDENTITY = "-";
				COPY_PHASE_STRIP = NO;
				DEBUG_INFORMATION_FORMAT = "dwarf-with-dsym";
				ENABLE_NS_ASSERTIONS = NO;
				ENABLE_STRICT_OBJC_MSGSEND = YES;
				GCC_C_LANGUAGE_STANDARD = gnu11;
				GCC_NO_COMMON_BLOCKS = YES;
				GCC_WARN_64_TO_32_BIT_CONVERSION = YES;
				GCC_WARN_ABOUT_RETURN_TYPE = YES_ERROR;
				GCC_WARN_UNDECLARED_SELECTOR = YES;
				GCC_WARN_UNINITIALIZED_AUTOS = YES_AGGRESSIVE;
				GCC_WARN_UNUSED_FUNCTION = YES;
				GCC_WARN_UNUSED_VARIABLE = YES;
				MACOSX_DEPLOYMENT_TARGET = 10.13;
				MTL_ENABLE_DEBUG_INFO = NO;
				SDKROOT = macosx;
			};
			name = Release;
		};
		EFB570A7206F753A00C3AD35 /* Debug */ = {
			isa = XCBuildConfiguration;
			buildSettings = {
				CODE_SIGN_STYLE = Automatic;
				PRODUCT_NAME = "$(TARGET_NAME)";
			};
			name = Debug;
		};
		EFB570A8206F753A00C3AD35 /* Release */ = {
			isa = XCBuildConfiguration;
			buildSettings = {
				CODE_SIGN_STYLE = Automatic;
				PRODUCT_NAME = "$(TARGET_NAME)";
			};
			name = Release;
		};
		EFB570BD206F764600C3AD35 /* Debug */ = {
			isa = XCBuildConfiguration;
			buildSettings = {
				CODE_SIGN_STYLE = Automatic;
				PRODUCT_NAME = "$(TARGET_NAME)";
			};
			name = Debug;
		};
		EFB570BE206F764600C3AD35 /* Release */ = {
			isa = XCBuildConfiguration;
			buildSettings = {
				CODE_SIGN_STYLE = Automatic;
				PRODUCT_NAME = "$(TARGET_NAME)";
			};
			name = Release;
		};
		EFB570CB206F9B5300C3AD35 /* Debug */ = {
			isa = XCBuildConfiguration;
			buildSettings = {
				CODE_SIGN_STYLE = Automatic;
				PRODUCT_NAME = "$(TARGET_NAME)";
			};
			name = Debug;
		};
		EFB570CC206F9B5300C3AD35 /* Release */ = {
			isa = XCBuildConfiguration;
			buildSettings = {
				CODE_SIGN_STYLE = Automatic;
				PRODUCT_NAME = "$(TARGET_NAME)";
			};
			name = Release;
		};
		EFB570D7206F9F9800C3AD35 /* Debug */ = {
			isa = XCBuildConfiguration;
			buildSettings = {
				CODE_SIGN_STYLE = Automatic;
				PRODUCT_NAME = "$(TARGET_NAME)";
			};
			name = Debug;
		};
		EFB570D8206F9F9800C3AD35 /* Release */ = {
			isa = XCBuildConfiguration;
			buildSettings = {
				CODE_SIGN_STYLE = Automatic;
				PRODUCT_NAME = "$(TARGET_NAME)";
			};
			name = Release;
		};
/* End XCBuildConfiguration section */

/* Begin XCConfigurationList section */
		EFB57083206F6E8000C3AD35 /* Build configuration list for PBXProject "Immortals" */ = {
			isa = XCConfigurationList;
			buildConfigurations = (
				EFB5708D206F6E8000C3AD35 /* Debug */,
				EFB5708E206F6E8000C3AD35 /* Release */,
			);
			defaultConfigurationIsVisible = 0;
			defaultConfigurationName = Release;
		};
		EFB570A6206F753A00C3AD35 /* Build configuration list for PBXNativeTarget "36. Reverse Linked List II" */ = {
			isa = XCConfigurationList;
			buildConfigurations = (
				EFB570A7206F753A00C3AD35 /* Debug */,
				EFB570A8206F753A00C3AD35 /* Release */,
			);
			defaultConfigurationIsVisible = 0;
			defaultConfigurationName = Release;
		};
		EFB570BC206F764600C3AD35 /* Build configuration list for PBXNativeTarget "35. Reverse Linked List" */ = {
			isa = XCConfigurationList;
			buildConfigurations = (
				EFB570BD206F764600C3AD35 /* Debug */,
				EFB570BE206F764600C3AD35 /* Release */,
			);
			defaultConfigurationIsVisible = 0;
			defaultConfigurationName = Release;
		};
		EFB570CD206F9B5300C3AD35 /* Build configuration list for PBXNativeTarget "380. Intersection of Two Linked Lists" */ = {
			isa = XCConfigurationList;
			buildConfigurations = (
				EFB570CB206F9B5300C3AD35 /* Debug */,
				EFB570CC206F9B5300C3AD35 /* Release */,
			);
			defaultConfigurationIsVisible = 0;
			defaultConfigurationName = Release;
		};
		EFB570D6206F9F9800C3AD35 /* Build configuration list for PBXNativeTarget "102. Linked List Cycle" */ = {
			isa = XCConfigurationList;
			buildConfigurations = (
				EFB570D7206F9F9800C3AD35 /* Debug */,
				EFB570D8206F9F9800C3AD35 /* Release */,
			);
			defaultConfigurationIsVisible = 0;
			defaultConfigurationName = Release;
		};
/* End XCConfigurationList section */
	};
	rootObject = EFB57080206F6E8000C3AD35 /* Project object */;
}
