// !$*UTF8*$!
{
	archiveVersion = 1;
	classes = {
	};
	objectVersion = 48;
	objects = {

/* Begin PBXBuildFile section */
		EF06C50F2073602E009960B9 /* main.cpp in Sources */ = {isa = PBXBuildFile; fileRef = EF06C50E2073602E009960B9 /* main.cpp */; };
		EF37C8EE2070B9F5005538ED /* main.cpp in Sources */ = {isa = PBXBuildFile; fileRef = EF37C8ED2070B9F5005538ED /* main.cpp */; };
		EF37C8F92070BE08005538ED /* main.cpp in Sources */ = {isa = PBXBuildFile; fileRef = EF37C8F82070BE08005538ED /* main.cpp */; };
		EFB570C0206F768800C3AD35 /* main.cpp in Sources */ = {isa = PBXBuildFile; fileRef = EFB570BF206F768800C3AD35 /* main.cpp */; };
		EFB570C2206F773A00C3AD35 /* main.cpp in Sources */ = {isa = PBXBuildFile; fileRef = EFB570C1206F773A00C3AD35 /* main.cpp */; };
		EFB570CA206F9B5300C3AD35 /* main.cpp in Sources */ = {isa = PBXBuildFile; fileRef = EFB570C9206F9B5300C3AD35 /* main.cpp */; };
		EFB570D5206F9F9800C3AD35 /* main.cpp in Sources */ = {isa = PBXBuildFile; fileRef = EFB570D4206F9F9800C3AD35 /* main.cpp */; };
		EFB570E0206FA25D00C3AD35 /* main.cpp in Sources */ = {isa = PBXBuildFile; fileRef = EFB570DF206FA25D00C3AD35 /* main.cpp */; };
		EFB570EB206FA83D00C3AD35 /* main.cpp in Sources */ = {isa = PBXBuildFile; fileRef = EFB570EA206FA83D00C3AD35 /* main.cpp */; };
		EFB570F6206FAB7F00C3AD35 /* main.cpp in Sources */ = {isa = PBXBuildFile; fileRef = EFB570F5206FAB7F00C3AD35 /* main.cpp */; };
/* End PBXBuildFile section */

/* Begin PBXCopyFilesBuildPhase section */
		EF06C50A2073602E009960B9 /* CopyFiles */ = {
			isa = PBXCopyFilesBuildPhase;
			buildActionMask = 2147483647;
			dstPath = /usr/share/man/man1/;
			dstSubfolderSpec = 0;
			files = (
			);
			runOnlyForDeploymentPostprocessing = 1;
		};
		EF37C8E92070B9F5005538ED /* CopyFiles */ = {
			isa = PBXCopyFilesBuildPhase;
			buildActionMask = 2147483647;
			dstPath = /usr/share/man/man1/;
			dstSubfolderSpec = 0;
			files = (
			);
			runOnlyForDeploymentPostprocessing = 1;
		};
		EF37C8F42070BE08005538ED /* CopyFiles */ = {
			isa = PBXCopyFilesBuildPhase;
			buildActionMask = 2147483647;
			dstPath = /usr/share/man/man1/;
			dstSubfolderSpec = 0;
			files = (
			);
			runOnlyForDeploymentPostprocessing = 1;
		};
		EFB570A0206F753A00C3AD35 /* CopyFiles */ = {
			isa = PBXCopyFilesBuildPhase;
			buildActionMask = 2147483647;
			dstPath = /usr/share/man/man1/;
			dstSubfolderSpec = 0;
			files = (
			);
			runOnlyForDeploymentPostprocessing = 1;
		};
		EFB570B6206F764600C3AD35 /* CopyFiles */ = {
			isa = PBXCopyFilesBuildPhase;
			buildActionMask = 2147483647;
			dstPath = /usr/share/man/man1/;
			dstSubfolderSpec = 0;
			files = (
			);
			runOnlyForDeploymentPostprocessing = 1;
		};
		EFB570C5206F9B5300C3AD35 /* CopyFiles */ = {
			isa = PBXCopyFilesBuildPhase;
			buildActionMask = 2147483647;
			dstPath = /usr/share/man/man1/;
			dstSubfolderSpec = 0;
			files = (
			);
			runOnlyForDeploymentPostprocessing = 1;
		};
		EFB570D0206F9F9800C3AD35 /* CopyFiles */ = {
			isa = PBXCopyFilesBuildPhase;
			buildActionMask = 2147483647;
			dstPath = /usr/share/man/man1/;
			dstSubfolderSpec = 0;
			files = (
			);
			runOnlyForDeploymentPostprocessing = 1;
		};
		EFB570DB206FA25D00C3AD35 /* CopyFiles */ = {
			isa = PBXCopyFilesBuildPhase;
			buildActionMask = 2147483647;
			dstPath = /usr/share/man/man1/;
			dstSubfolderSpec = 0;
			files = (
			);
			runOnlyForDeploymentPostprocessing = 1;
		};
		EFB570E6206FA83D00C3AD35 /* CopyFiles */ = {
			isa = PBXCopyFilesBuildPhase;
			buildActionMask = 2147483647;
			dstPath = /usr/share/man/man1/;
			dstSubfolderSpec = 0;
			files = (
			);
			runOnlyForDeploymentPostprocessing = 1;
		};
		EFB570F1206FAB7F00C3AD35 /* CopyFiles */ = {
			isa = PBXCopyFilesBuildPhase;
			buildActionMask = 2147483647;
			dstPath = /usr/share/man/man1/;
			dstSubfolderSpec = 0;
			files = (
			);
			runOnlyForDeploymentPostprocessing = 1;
		};
/* End PBXCopyFilesBuildPhase section */

/* Begin PBXFileReference section */
		EF06C50C2073602E009960B9 /* 5. Kth Largest Element */ = {isa = PBXFileReference; explicitFileType = "compiled.mach-o.executable"; includeInIndex = 0; path = "5. Kth Largest Element"; sourceTree = BUILT_PRODUCTS_DIR; };
		EF06C50E2073602E009960B9 /* main.cpp */ = {isa = PBXFileReference; lastKnownFileType = sourcecode.cpp.cpp; path = main.cpp; sourceTree = "<group>"; };
		EF37C8EB2070B9F5005538ED /* 165. Merge Two Sorted Lists */ = {isa = PBXFileReference; explicitFileType = "compiled.mach-o.executable"; includeInIndex = 0; path = "165. Merge Two Sorted Lists"; sourceTree = BUILT_PRODUCTS_DIR; };
		EF37C8ED2070B9F5005538ED /* main.cpp */ = {isa = PBXFileReference; lastKnownFileType = sourcecode.cpp.cpp; path = main.cpp; sourceTree = "<group>"; };
		EF37C8F62070BE08005538ED /* 104. Merge K Sorted Lists */ = {isa = PBXFileReference; explicitFileType = "compiled.mach-o.executable"; includeInIndex = 0; path = "104. Merge K Sorted Lists"; sourceTree = BUILT_PRODUCTS_DIR; };
		EF37C8F82070BE08005538ED /* main.cpp */ = {isa = PBXFileReference; lastKnownFileType = sourcecode.cpp.cpp; path = main.cpp; sourceTree = "<group>"; };
		EFB570A2206F753A00C3AD35 /* 36. Reverse Linked List II */ = {isa = PBXFileReference; explicitFileType = "compiled.mach-o.executable"; includeInIndex = 0; path = "36. Reverse Linked List II"; sourceTree = BUILT_PRODUCTS_DIR; };
		EFB570B8206F764600C3AD35 /* 35. Reverse Linked List */ = {isa = PBXFileReference; explicitFileType = "compiled.mach-o.executable"; includeInIndex = 0; path = "35. Reverse Linked List"; sourceTree = BUILT_PRODUCTS_DIR; };
		EFB570BF206F768800C3AD35 /* main.cpp */ = {isa = PBXFileReference; lastKnownFileType = sourcecode.cpp.cpp; path = main.cpp; sourceTree = "<group>"; };
		EFB570C1206F773A00C3AD35 /* main.cpp */ = {isa = PBXFileReference; fileEncoding = 4; lastKnownFileType = sourcecode.cpp.cpp; path = main.cpp; sourceTree = "<group>"; };
		EFB570C7206F9B5300C3AD35 /* 380. Intersection of Two Linked Lists */ = {isa = PBXFileReference; explicitFileType = "compiled.mach-o.executable"; includeInIndex = 0; path = "380. Intersection of Two Linked Lists"; sourceTree = BUILT_PRODUCTS_DIR; };
		EFB570C9206F9B5300C3AD35 /* main.cpp */ = {isa = PBXFileReference; lastKnownFileType = sourcecode.cpp.cpp; path = main.cpp; sourceTree = "<group>"; };
		EFB570D2206F9F9800C3AD35 /* 102. Linked List Cycle */ = {isa = PBXFileReference; explicitFileType = "compiled.mach-o.executable"; includeInIndex = 0; path = "102. Linked List Cycle"; sourceTree = BUILT_PRODUCTS_DIR; };
		EFB570D4206F9F9800C3AD35 /* main.cpp */ = {isa = PBXFileReference; lastKnownFileType = sourcecode.cpp.cpp; path = main.cpp; sourceTree = "<group>"; };
		EFB570DD206FA25D00C3AD35 /* 103. Linked List Cycle II */ = {isa = PBXFileReference; explicitFileType = "compiled.mach-o.executable"; includeInIndex = 0; path = "103. Linked List Cycle II"; sourceTree = BUILT_PRODUCTS_DIR; };
		EFB570DF206FA25D00C3AD35 /* main.cpp */ = {isa = PBXFileReference; lastKnownFileType = sourcecode.cpp.cpp; path = main.cpp; sourceTree = "<group>"; };
		EFB570E8206FA83D00C3AD35 /* 96. Partition List */ = {isa = PBXFileReference; explicitFileType = "compiled.mach-o.executable"; includeInIndex = 0; path = "96. Partition List"; sourceTree = BUILT_PRODUCTS_DIR; };
		EFB570EA206FA83D00C3AD35 /* main.cpp */ = {isa = PBXFileReference; lastKnownFileType = sourcecode.cpp.cpp; path = main.cpp; sourceTree = "<group>"; };
		EFB570F3206FAB7F00C3AD35 /* 105. Copy List with Random Pointer */ = {isa = PBXFileReference; explicitFileType = "compiled.mach-o.executable"; includeInIndex = 0; path = "105. Copy List with Random Pointer"; sourceTree = BUILT_PRODUCTS_DIR; };
		EFB570F5206FAB7F00C3AD35 /* main.cpp */ = {isa = PBXFileReference; lastKnownFileType = sourcecode.cpp.cpp; path = main.cpp; sourceTree = "<group>"; };
/* End PBXFileReference section */

/* Begin PBXFrameworksBuildPhase section */
		EF06C5092073602E009960B9 /* Frameworks */ = {
			isa = PBXFrameworksBuildPhase;
			buildActionMask = 2147483647;
			files = (
			);
			runOnlyForDeploymentPostprocessing = 0;
		};
		EF37C8E82070B9F5005538ED /* Frameworks */ = {
			isa = PBXFrameworksBuildPhase;
			buildActionMask = 2147483647;
			files = (
			);
			runOnlyForDeploymentPostprocessing = 0;
		};
		EF37C8F32070BE08005538ED /* Frameworks */ = {
			isa = PBXFrameworksBuildPhase;
			buildActionMask = 2147483647;
			files = (
			);
			runOnlyForDeploymentPostprocessing = 0;
		};
		EFB5709F206F753A00C3AD35 /* Frameworks */ = {
			isa = PBXFrameworksBuildPhase;
			buildActionMask = 2147483647;
			files = (
			);
			runOnlyForDeploymentPostprocessing = 0;
		};
		EFB570B5206F764600C3AD35 /* Frameworks */ = {
			isa = PBXFrameworksBuildPhase;
			buildActionMask = 2147483647;
			files = (
			);
			runOnlyForDeploymentPostprocessing = 0;
		};
		EFB570C4206F9B5300C3AD35 /* Frameworks */ = {
			isa = PBXFrameworksBuildPhase;
			buildActionMask = 2147483647;
			files = (
			);
			runOnlyForDeploymentPostprocessing = 0;
		};
		EFB570CF206F9F9800C3AD35 /* Frameworks */ = {
			isa = PBXFrameworksBuildPhase;
			buildActionMask = 2147483647;
			files = (
			);
			runOnlyForDeploymentPostprocessing = 0;
		};
		EFB570DA206FA25D00C3AD35 /* Frameworks */ = {
			isa = PBXFrameworksBuildPhase;
			buildActionMask = 2147483647;
			files = (
			);
			runOnlyForDeploymentPostprocessing = 0;
		};
		EFB570E5206FA83D00C3AD35 /* Frameworks */ = {
			isa = PBXFrameworksBuildPhase;
			buildActionMask = 2147483647;
			files = (
			);
			runOnlyForDeploymentPostprocessing = 0;
		};
		EFB570F0206FAB7F00C3AD35 /* Frameworks */ = {
			isa = PBXFrameworksBuildPhase;
			buildActionMask = 2147483647;
			files = (
			);
			runOnlyForDeploymentPostprocessing = 0;
		};
/* End PBXFrameworksBuildPhase section */

/* Begin PBXGroup section */
		EF06C50D2073602E009960B9 /* 5. Kth Largest Element */ = {
			isa = PBXGroup;
			children = (
				EF06C50E2073602E009960B9 /* main.cpp */,
			);
			path = "5. Kth Largest Element";
			sourceTree = "<group>";
		};
		EF37C8EC2070B9F5005538ED /* 165. Merge Two Sorted Lists */ = {
			isa = PBXGroup;
			children = (
				EF37C8ED2070B9F5005538ED /* main.cpp */,
			);
			path = "165. Merge Two Sorted Lists";
			sourceTree = "<group>";
		};
		EF37C8F72070BE08005538ED /* 104. Merge K Sorted Lists */ = {
			isa = PBXGroup;
			children = (
				EF37C8F82070BE08005538ED /* main.cpp */,
			);
			path = "104. Merge K Sorted Lists";
			sourceTree = "<group>";
		};
		EFB5707F206F6E8000C3AD35 = {
			isa = PBXGroup;
			children = (
				EFB570A3206F753A00C3AD35 /* 36. Reverse Linked List II */,
				EFB570B9206F764600C3AD35 /* 35. Reverse Linked List */,
				EFB570C8206F9B5300C3AD35 /* 380. Intersection of Two Linked Lists */,
				EFB570D3206F9F9800C3AD35 /* 102. Linked List Cycle */,
				EFB570DE206FA25D00C3AD35 /* 103. Linked List Cycle II */,
				EFB570E9206FA83D00C3AD35 /* 96. Partition List */,
				EFB570F4206FAB7F00C3AD35 /* 105. Copy List with Random Pointer */,
				EF37C8EC2070B9F5005538ED /* 165. Merge Two Sorted Lists */,
				EF37C8F72070BE08005538ED /* 104. Merge K Sorted Lists */,
				EF06C50D2073602E009960B9 /* 5. Kth Largest Element */,
				EFB57089206F6E8000C3AD35 /* Products */,
			);
			sourceTree = "<group>";
		};
		EFB57089206F6E8000C3AD35 /* Products */ = {
			isa = PBXGroup;
			children = (
				EFB570A2206F753A00C3AD35 /* 36. Reverse Linked List II */,
				EFB570B8206F764600C3AD35 /* 35. Reverse Linked List */,
				EFB570C7206F9B5300C3AD35 /* 380. Intersection of Two Linked Lists */,
				EFB570D2206F9F9800C3AD35 /* 102. Linked List Cycle */,
				EFB570DD206FA25D00C3AD35 /* 103. Linked List Cycle II */,
				EFB570E8206FA83D00C3AD35 /* 96. Partition List */,
				EFB570F3206FAB7F00C3AD35 /* 105. Copy List with Random Pointer */,
				EF37C8EB2070B9F5005538ED /* 165. Merge Two Sorted Lists */,
				EF37C8F62070BE08005538ED /* 104. Merge K Sorted Lists */,
				EF06C50C2073602E009960B9 /* 5. Kth Largest Element */,
			);
			name = Products;
			sourceTree = "<group>";
		};
		EFB570A3206F753A00C3AD35 /* 36. Reverse Linked List II */ = {
			isa = PBXGroup;
			children = (
				EFB570C1206F773A00C3AD35 /* main.cpp */,
			);
			path = "36. Reverse Linked List II";
			sourceTree = "<group>";
		};
		EFB570B9206F764600C3AD35 /* 35. Reverse Linked List */ = {
			isa = PBXGroup;
			children = (
				EFB570BF206F768800C3AD35 /* main.cpp */,
			);
			path = "35. Reverse Linked List";
			sourceTree = "<group>";
		};
		EFB570C8206F9B5300C3AD35 /* 380. Intersection of Two Linked Lists */ = {
			isa = PBXGroup;
			children = (
				EFB570C9206F9B5300C3AD35 /* main.cpp */,
			);
			path = "380. Intersection of Two Linked Lists";
			sourceTree = "<group>";
		};
		EFB570D3206F9F9800C3AD35 /* 102. Linked List Cycle */ = {
			isa = PBXGroup;
			children = (
				EFB570D4206F9F9800C3AD35 /* main.cpp */,
			);
			path = "102. Linked List Cycle";
			sourceTree = "<group>";
		};
		EFB570DE206FA25D00C3AD35 /* 103. Linked List Cycle II */ = {
			isa = PBXGroup;
			children = (
				EFB570DF206FA25D00C3AD35 /* main.cpp */,
			);
			path = "103. Linked List Cycle II";
			sourceTree = "<group>";
		};
		EFB570E9206FA83D00C3AD35 /* 96. Partition List */ = {
			isa = PBXGroup;
			children = (
				EFB570EA206FA83D00C3AD35 /* main.cpp */,
			);
			path = "96. Partition List";
			sourceTree = "<group>";
		};
		EFB570F4206FAB7F00C3AD35 /* 105. Copy List with Random Pointer */ = {
			isa = PBXGroup;
			children = (
				EFB570F5206FAB7F00C3AD35 /* main.cpp */,
			);
			path = "105. Copy List with Random Pointer";
			sourceTree = "<group>";
		};
/* End PBXGroup section */

/* Begin PBXNativeTarget section */
		EF06C50B2073602E009960B9 /* 5. Kth Largest Element */ = {
			isa = PBXNativeTarget;
			buildConfigurationList = EF06C5122073602E009960B9 /* Build configuration list for PBXNativeTarget "5. Kth Largest Element" */;
			buildPhases = (
				EF06C5082073602E009960B9 /* Sources */,
				EF06C5092073602E009960B9 /* Frameworks */,
				EF06C50A2073602E009960B9 /* CopyFiles */,
			);
			buildRules = (
			);
			dependencies = (
			);
			name = "5. Kth Largest Element";
			productName = "5. Kth Largest Element";
			productReference = EF06C50C2073602E009960B9 /* 5. Kth Largest Element */;
			productType = "com.apple.product-type.tool";
		};
		EF37C8EA2070B9F5005538ED /* 165. Merge Two Sorted Lists */ = {
			isa = PBXNativeTarget;
			buildConfigurationList = EF37C8F12070B9F5005538ED /* Build configuration list for PBXNativeTarget "165. Merge Two Sorted Lists" */;
			buildPhases = (
				EF37C8E72070B9F5005538ED /* Sources */,
				EF37C8E82070B9F5005538ED /* Frameworks */,
				EF37C8E92070B9F5005538ED /* CopyFiles */,
			);
			buildRules = (
			);
			dependencies = (
			);
			name = "165. Merge Two Sorted Lists";
			productName = "165. Merge Two Sorted Lists";
			productReference = EF37C8EB2070B9F5005538ED /* 165. Merge Two Sorted Lists */;
			productType = "com.apple.product-type.tool";
		};
		EF37C8F52070BE08005538ED /* 104. Merge K Sorted Lists */ = {
			isa = PBXNativeTarget;
			buildConfigurationList = EF37C8FA2070BE08005538ED /* Build configuration list for PBXNativeTarget "104. Merge K Sorted Lists" */;
			buildPhases = (
				EF37C8F22070BE08005538ED /* Sources */,
				EF37C8F32070BE08005538ED /* Frameworks */,
				EF37C8F42070BE08005538ED /* CopyFiles */,
			);
			buildRules = (
			);
			dependencies = (
			);
			name = "104. Merge K Sorted Lists";
			productName = "104. Merge K Sorted Lists";
			productReference = EF37C8F62070BE08005538ED /* 104. Merge K Sorted Lists */;
			productType = "com.apple.product-type.tool";
		};
		EFB570A1206F753A00C3AD35 /* 36. Reverse Linked List II */ = {
			isa = PBXNativeTarget;
			buildConfigurationList = EFB570A6206F753A00C3AD35 /* Build configuration list for PBXNativeTarget "36. Reverse Linked List II" */;
			buildPhases = (
				EFB5709E206F753A00C3AD35 /* Sources */,
				EFB5709F206F753A00C3AD35 /* Frameworks */,
				EFB570A0206F753A00C3AD35 /* CopyFiles */,
			);
			buildRules = (
			);
			dependencies = (
			);
			name = "36. Reverse Linked List II";
			productName = "36. Reverse Linked List II";
			productReference = EFB570A2206F753A00C3AD35 /* 36. Reverse Linked List II */;
			productType = "com.apple.product-type.tool";
		};
		EFB570B7206F764600C3AD35 /* 35. Reverse Linked List */ = {
			isa = PBXNativeTarget;
			buildConfigurationList = EFB570BC206F764600C3AD35 /* Build configuration list for PBXNativeTarget "35. Reverse Linked List" */;
			buildPhases = (
				EFB570B4206F764600C3AD35 /* Sources */,
				EFB570B5206F764600C3AD35 /* Frameworks */,
				EFB570B6206F764600C3AD35 /* CopyFiles */,
			);
			buildRules = (
			);
			dependencies = (
			);
			name = "35. Reverse Linked List";
			productName = "35. Reverse Linked List";
			productReference = EFB570B8206F764600C3AD35 /* 35. Reverse Linked List */;
			productType = "com.apple.product-type.tool";
		};
		EFB570C6206F9B5300C3AD35 /* 380. Intersection of Two Linked Lists */ = {
			isa = PBXNativeTarget;
			buildConfigurationList = EFB570CD206F9B5300C3AD35 /* Build configuration list for PBXNativeTarget "380. Intersection of Two Linked Lists" */;
			buildPhases = (
				EFB570C3206F9B5300C3AD35 /* Sources */,
				EFB570C4206F9B5300C3AD35 /* Frameworks */,
				EFB570C5206F9B5300C3AD35 /* CopyFiles */,
			);
			buildRules = (
			);
			dependencies = (
			);
			name = "380. Intersection of Two Linked Lists";
			productName = "380. Intersection of Two Linked Lists";
			productReference = EFB570C7206F9B5300C3AD35 /* 380. Intersection of Two Linked Lists */;
			productType = "com.apple.product-type.tool";
		};
		EFB570D1206F9F9800C3AD35 /* 102. Linked List Cycle */ = {
			isa = PBXNativeTarget;
			buildConfigurationList = EFB570D6206F9F9800C3AD35 /* Build configuration list for PBXNativeTarget "102. Linked List Cycle" */;
			buildPhases = (
				EFB570CE206F9F9800C3AD35 /* Sources */,
				EFB570CF206F9F9800C3AD35 /* Frameworks */,
				EFB570D0206F9F9800C3AD35 /* CopyFiles */,
			);
			buildRules = (
			);
			dependencies = (
			);
			name = "102. Linked List Cycle";
			productName = "102. Linked List Cycle";
			productReference = EFB570D2206F9F9800C3AD35 /* 102. Linked List Cycle */;
			productType = "com.apple.product-type.tool";
		};
		EFB570DC206FA25D00C3AD35 /* 103. Linked List Cycle II */ = {
			isa = PBXNativeTarget;
			buildConfigurationList = EFB570E1206FA25D00C3AD35 /* Build configuration list for PBXNativeTarget "103. Linked List Cycle II" */;
			buildPhases = (
				EFB570D9206FA25D00C3AD35 /* Sources */,
				EFB570DA206FA25D00C3AD35 /* Frameworks */,
				EFB570DB206FA25D00C3AD35 /* CopyFiles */,
			);
			buildRules = (
			);
			dependencies = (
			);
			name = "103. Linked List Cycle II";
			productName = "103. Linked List Cycle II";
			productReference = EFB570DD206FA25D00C3AD35 /* 103. Linked List Cycle II */;
			productType = "com.apple.product-type.tool";
		};
		EFB570E7206FA83D00C3AD35 /* 96. Partition List */ = {
			isa = PBXNativeTarget;
			buildConfigurationList = EFB570EC206FA83D00C3AD35 /* Build configuration list for PBXNativeTarget "96. Partition List" */;
			buildPhases = (
				EFB570E4206FA83D00C3AD35 /* Sources */,
				EFB570E5206FA83D00C3AD35 /* Frameworks */,
				EFB570E6206FA83D00C3AD35 /* CopyFiles */,
			);
			buildRules = (
			);
			dependencies = (
			);
			name = "96. Partition List";
			productName = "96. Partition List";
			productReference = EFB570E8206FA83D00C3AD35 /* 96. Partition List */;
			productType = "com.apple.product-type.tool";
		};
		EFB570F2206FAB7F00C3AD35 /* 105. Copy List with Random Pointer */ = {
			isa = PBXNativeTarget;
			buildConfigurationList = EFB570F7206FAB7F00C3AD35 /* Build configuration list for PBXNativeTarget "105. Copy List with Random Pointer" */;
			buildPhases = (
				EFB570EF206FAB7F00C3AD35 /* Sources */,
				EFB570F0206FAB7F00C3AD35 /* Frameworks */,
				EFB570F1206FAB7F00C3AD35 /* CopyFiles */,
			);
			buildRules = (
			);
			dependencies = (
			);
			name = "105. Copy List with Random Pointer";
			productName = "105. Copy List with Random Pointer";
			productReference = EFB570F3206FAB7F00C3AD35 /* 105. Copy List with Random Pointer */;
			productType = "com.apple.product-type.tool";
		};
/* End PBXNativeTarget section */

/* Begin PBXProject section */
		EFB57080206F6E8000C3AD35 /* Project object */ = {
			isa = PBXProject;
			attributes = {
				LastUpgradeCheck = 0930;
				ORGANIZATIONNAME = Shuyu;
				TargetAttributes = {
					EF06C50B2073602E009960B9 = {
						CreatedOnToolsVersion = 9.3;
						ProvisioningStyle = Automatic;
					};
					EF37C8EA2070B9F5005538ED = {
						CreatedOnToolsVersion = 9.2;
						ProvisioningStyle = Automatic;
					};
					EF37C8F52070BE08005538ED = {
						CreatedOnToolsVersion = 9.2;
						ProvisioningStyle = Automatic;
					};
					EFB570A1206F753A00C3AD35 = {
						CreatedOnToolsVersion = 9.2;
						ProvisioningStyle = Automatic;
					};
					EFB570B7206F764600C3AD35 = {
						CreatedOnToolsVersion = 9.2;
						ProvisioningStyle = Automatic;
					};
					EFB570C6206F9B5300C3AD35 = {
						CreatedOnToolsVersion = 9.2;
						ProvisioningStyle = Automatic;
					};
					EFB570D1206F9F9800C3AD35 = {
						CreatedOnToolsVersion = 9.2;
						ProvisioningStyle = Automatic;
					};
					EFB570DC206FA25D00C3AD35 = {
						CreatedOnToolsVersion = 9.2;
						ProvisioningStyle = Automatic;
					};
					EFB570E7206FA83D00C3AD35 = {
						CreatedOnToolsVersion = 9.2;
						ProvisioningStyle = Automatic;
					};
					EFB570F2206FAB7F00C3AD35 = {
						CreatedOnToolsVersion = 9.2;
						ProvisioningStyle = Automatic;
					};
				};
			};
			buildConfigurationList = EFB57083206F6E8000C3AD35 /* Build configuration list for PBXProject "Immortals" */;
			compatibilityVersion = "Xcode 8.0";
			developmentRegion = en;
			hasScannedForEncodings = 0;
			knownRegions = (
				en,
			);
			mainGroup = EFB5707F206F6E8000C3AD35;
			productRefGroup = EFB57089206F6E8000C3AD35 /* Products */;
			projectDirPath = "";
			projectRoot = "";
			targets = (
				EFB570A1206F753A00C3AD35 /* 36. Reverse Linked List II */,
				EFB570B7206F764600C3AD35 /* 35. Reverse Linked List */,
				EFB570C6206F9B5300C3AD35 /* 380. Intersection of Two Linked Lists */,
				EFB570D1206F9F9800C3AD35 /* 102. Linked List Cycle */,
				EFB570DC206FA25D00C3AD35 /* 103. Linked List Cycle II */,
				EFB570E7206FA83D00C3AD35 /* 96. Partition List */,
				EFB570F2206FAB7F00C3AD35 /* 105. Copy List with Random Pointer */,
				EF37C8EA2070B9F5005538ED /* 165. Merge Two Sorted Lists */,
				EF37C8F52070BE08005538ED /* 104. Merge K Sorted Lists */,
				EF06C50B2073602E009960B9 /* 5. Kth Largest Element */,
			);
		};
/* End PBXProject section */

/* Begin PBXSourcesBuildPhase section */
		EF06C5082073602E009960B9 /* Sources */ = {
			isa = PBXSourcesBuildPhase;
			buildActionMask = 2147483647;
			files = (
				EF06C50F2073602E009960B9 /* main.cpp in Sources */,
			);
			runOnlyForDeploymentPostprocessing = 0;
		};
		EF37C8E72070B9F5005538ED /* Sources */ = {
			isa = PBXSourcesBuildPhase;
			buildActionMask = 2147483647;
			files = (
				EF37C8EE2070B9F5005538ED /* main.cpp in Sources */,
			);
			runOnlyForDeploymentPostprocessing = 0;
		};
		EF37C8F22070BE08005538ED /* Sources */ = {
			isa = PBXSourcesBuildPhase;
			buildActionMask = 2147483647;
			files = (
				EF37C8F92070BE08005538ED /* main.cpp in Sources */,
			);
			runOnlyForDeploymentPostprocessing = 0;
		};
		EFB5709E206F753A00C3AD35 /* Sources */ = {
			isa = PBXSourcesBuildPhase;
			buildActionMask = 2147483647;
			files = (
				EFB570C2206F773A00C3AD35 /* main.cpp in Sources */,
			);
			runOnlyForDeploymentPostprocessing = 0;
		};
		EFB570B4206F764600C3AD35 /* Sources */ = {
			isa = PBXSourcesBuildPhase;
			buildActionMask = 2147483647;
			files = (
				EFB570C0206F768800C3AD35 /* main.cpp in Sources */,
			);
			runOnlyForDeploymentPostprocessing = 0;
		};
		EFB570C3206F9B5300C3AD35 /* Sources */ = {
			isa = PBXSourcesBuildPhase;
			buildActionMask = 2147483647;
			files = (
				EFB570CA206F9B5300C3AD35 /* main.cpp in Sources */,
			);
			runOnlyForDeploymentPostprocessing = 0;
		};
		EFB570CE206F9F9800C3AD35 /* Sources */ = {
			isa = PBXSourcesBuildPhase;
			buildActionMask = 2147483647;
			files = (
				EFB570D5206F9F9800C3AD35 /* main.cpp in Sources */,
			);
			runOnlyForDeploymentPostprocessing = 0;
		};
		EFB570D9206FA25D00C3AD35 /* Sources */ = {
			isa = PBXSourcesBuildPhase;
			buildActionMask = 2147483647;
			files = (
				EFB570E0206FA25D00C3AD35 /* main.cpp in Sources */,
			);
			runOnlyForDeploymentPostprocessing = 0;
		};
		EFB570E4206FA83D00C3AD35 /* Sources */ = {
			isa = PBXSourcesBuildPhase;
			buildActionMask = 2147483647;
			files = (
				EFB570EB206FA83D00C3AD35 /* main.cpp in Sources */,
			);
			runOnlyForDeploymentPostprocessing = 0;
		};
		EFB570EF206FAB7F00C3AD35 /* Sources */ = {
			isa = PBXSourcesBuildPhase;
			buildActionMask = 2147483647;
			files = (
				EFB570F6206FAB7F00C3AD35 /* main.cpp in Sources */,
			);
			runOnlyForDeploymentPostprocessing = 0;
		};
/* End PBXSourcesBuildPhase section */

/* Begin XCBuildConfiguration section */
		EF06C5102073602E009960B9 /* Debug */ = {
			isa = XCBuildConfiguration;
			buildSettings = {
				CLANG_ENABLE_OBJC_WEAK = YES;
				CODE_SIGN_STYLE = Automatic;
				PRODUCT_NAME = "$(TARGET_NAME)";
			};
			name = Debug;
		};
		EF06C5112073602E009960B9 /* Release */ = {
			isa = XCBuildConfiguration;
			buildSettings = {
				CLANG_ENABLE_OBJC_WEAK = YES;
				CODE_SIGN_STYLE = Automatic;
				PRODUCT_NAME = "$(TARGET_NAME)";
			};
			name = Release;
		};
		EF37C8EF2070B9F5005538ED /* Debug */ = {
			isa = XCBuildConfiguration;
			buildSettings = {
				CODE_SIGN_STYLE = Automatic;
				PRODUCT_NAME = "$(TARGET_NAME)";
			};
			name = Debug;
		};
		EF37C8F02070B9F5005538ED /* Release */ = {
			isa = XCBuildConfiguration;
			buildSettings = {
				CODE_SIGN_STYLE = Automatic;
				PRODUCT_NAME = "$(TARGET_NAME)";
			};
			name = Release;
		};
		EF37C8FB2070BE08005538ED /* Debug */ = {
			isa = XCBuildConfiguration;
			buildSettings = {
				CODE_SIGN_STYLE = Automatic;
				PRODUCT_NAME = "$(TARGET_NAME)";
			};
			name = Debug;
		};
		EF37C8FC2070BE08005538ED /* Release */ = {
			isa = XCBuildConfiguration;
			buildSettings = {
				CODE_SIGN_STYLE = Automatic;
				PRODUCT_NAME = "$(TARGET_NAME)";
			};
			name = Release;
		};
		EFB5708D206F6E8000C3AD35 /* Debug */ = {
			isa = XCBuildConfiguration;
			buildSettings = {
				ALWAYS_SEARCH_USER_PATHS = NO;
				CLANG_ANALYZER_NONNULL = YES;
				CLANG_ANALYZER_NUMBER_OBJECT_CONVERSION = YES_AGGRESSIVE;
				CLANG_CXX_LANGUAGE_STANDARD = "gnu++14";
				CLANG_CXX_LIBRARY = "libc++";
				CLANG_ENABLE_MODULES = YES;
				CLANG_ENABLE_OBJC_ARC = YES;
				CLANG_WARN_BLOCK_CAPTURE_AUTORELEASING = YES;
				CLANG_WARN_BOOL_CONVERSION = YES;
				CLANG_WARN_COMMA = YES;
				CLANG_WARN_CONSTANT_CONVERSION = YES;
				CLANG_WARN_DEPRECATED_OBJC_IMPLEMENTATIONS = YES;
				CLANG_WARN_DIRECT_OBJC_ISA_USAGE = YES_ERROR;
				CLANG_WARN_DOCUMENTATION_COMMENTS = YES;
				CLANG_WARN_EMPTY_BODY = YES;
				CLANG_WARN_ENUM_CONVERSION = YES;
				CLANG_WARN_INFINITE_RECURSION = YES;
				CLANG_WARN_INT_CONVERSION = YES;
				CLANG_WARN_NON_LITERAL_NULL_CONVERSION = YES;
				CLANG_WARN_OBJC_IMPLICIT_RETAIN_SELF = YES;
				CLANG_WARN_OBJC_LITERAL_CONVERSION = YES;
				CLANG_WARN_OBJC_ROOT_CLASS = YES_ERROR;
				CLANG_WARN_RANGE_LOOP_ANALYSIS = YES;
				CLANG_WARN_STRICT_PROTOTYPES = YES;
				CLANG_WARN_SUSPICIOUS_MOVE = YES;
				CLANG_WARN_UNGUARDED_AVAILABILITY = YES_AGGRESSIVE;
				CLANG_WARN_UNREACHABLE_CODE = YES;
				CLANG_WARN__DUPLICATE_METHOD_MATCH = YES;
				CODE_SIGN_IDENTITY = "-";
				COPY_PHASE_STRIP = NO;
				DEBUG_INFORMATION_FORMAT = dwarf;
				ENABLE_STRICT_OBJC_MSGSEND = YES;
				ENABLE_TESTABILITY = YES;
				GCC_C_LANGUAGE_STANDARD = gnu11;
				GCC_DYNAMIC_NO_PIC = NO;
				GCC_NO_COMMON_BLOCKS = YES;
				GCC_OPTIMIZATION_LEVEL = 0;
				GCC_PREPROCESSOR_DEFINITIONS = (
					"DEBUG=1",
					"$(inherited)",
				);
				GCC_WARN_64_TO_32_BIT_CONVERSION = YES;
				GCC_WARN_ABOUT_RETURN_TYPE = YES_ERROR;
				GCC_WARN_UNDECLARED_SELECTOR = YES;
				GCC_WARN_UNINITIALIZED_AUTOS = YES_AGGRESSIVE;
				GCC_WARN_UNUSED_FUNCTION = YES;
				GCC_WARN_UNUSED_VARIABLE = YES;
				MACOSX_DEPLOYMENT_TARGET = 10.13;
				MTL_ENABLE_DEBUG_INFO = YES;
				ONLY_ACTIVE_ARCH = YES;
				SDKROOT = macosx;
			};
			name = Debug;
		};
		EFB5708E206F6E8000C3AD35 /* Release */ = {
			isa = XCBuildConfiguration;
			buildSettings = {
				ALWAYS_SEARCH_USER_PATHS = NO;
				CLANG_ANALYZER_NONNULL = YES;
				CLANG_ANALYZER_NUMBER_OBJECT_CONVERSION = YES_AGGRESSIVE;
				CLANG_CXX_LANGUAGE_STANDARD = "gnu++14";
				CLANG_CXX_LIBRARY = "libc++";
				CLANG_ENABLE_MODULES = YES;
				CLANG_ENABLE_OBJC_ARC = YES;
				CLANG_WARN_BLOCK_CAPTURE_AUTORELEASING = YES;
				CLANG_WARN_BOOL_CONVERSION = YES;
				CLANG_WARN_COMMA = YES;
				CLANG_WARN_CONSTANT_CONVERSION = YES;
				CLANG_WARN_DEPRECATED_OBJC_IMPLEMENTATIONS = YES;
				CLANG_WARN_DIRECT_OBJC_ISA_USAGE = YES_ERROR;
				CLANG_WARN_DOCUMENTATION_COMMENTS = YES;
				CLANG_WARN_EMPTY_BODY = YES;
				CLANG_WARN_ENUM_CONVERSION = YES;
				CLANG_WARN_INFINITE_RECURSION = YES;
				CLANG_WARN_INT_CONVERSION = YES;
				CLANG_WARN_NON_LITERAL_NULL_CONVERSION = YES;
				CLANG_WARN_OBJC_IMPLICIT_RETAIN_SELF = YES;
				CLANG_WARN_OBJC_LITERAL_CONVERSION = YES;
				CLANG_WARN_OBJC_ROOT_CLASS = YES_ERROR;
				CLANG_WARN_RANGE_LOOP_ANALYSIS = YES;
				CLANG_WARN_STRICT_PROTOTYPES = YES;
				CLANG_WARN_SUSPICIOUS_MOVE = YES;
				CLANG_WARN_UNGUARDED_AVAILABILITY = YES_AGGRESSIVE;
				CLANG_WARN_UNREACHABLE_CODE = YES;
				CLANG_WARN__DUPLICATE_METHOD_MATCH = YES;
				CODE_SIGN_IDENTITY = "-";
				COPY_PHASE_STRIP = NO;
				DEBUG_INFORMATION_FORMAT = "dwarf-with-dsym";
				ENABLE_NS_ASSERTIONS = NO;
				ENABLE_STRICT_OBJC_MSGSEND = YES;
				GCC_C_LANGUAGE_STANDARD = gnu11;
				GCC_NO_COMMON_BLOCKS = YES;
				GCC_WARN_64_TO_32_BIT_CONVERSION = YES;
				GCC_WARN_ABOUT_RETURN_TYPE = YES_ERROR;
				GCC_WARN_UNDECLARED_SELECTOR = YES;
				GCC_WARN_UNINITIALIZED_AUTOS = YES_AGGRESSIVE;
				GCC_WARN_UNUSED_FUNCTION = YES;
				GCC_WARN_UNUSED_VARIABLE = YES;
				MACOSX_DEPLOYMENT_TARGET = 10.13;
				MTL_ENABLE_DEBUG_INFO = NO;
				SDKROOT = macosx;
			};
			name = Release;
		};
		EFB570A7206F753A00C3AD35 /* Debug */ = {
			isa = XCBuildConfiguration;
			buildSettings = {
				CODE_SIGN_STYLE = Automatic;
				PRODUCT_NAME = "$(TARGET_NAME)";
			};
			name = Debug;
		};
		EFB570A8206F753A00C3AD35 /* Release */ = {
			isa = XCBuildConfiguration;
			buildSettings = {
				CODE_SIGN_STYLE = Automatic;
				PRODUCT_NAME = "$(TARGET_NAME)";
			};
			name = Release;
		};
		EFB570BD206F764600C3AD35 /* Debug */ = {
			isa = XCBuildConfiguration;
			buildSettings = {
				CODE_SIGN_STYLE = Automatic;
				PRODUCT_NAME = "$(TARGET_NAME)";
			};
			name = Debug;
		};
		EFB570BE206F764600C3AD35 /* Release */ = {
			isa = XCBuildConfiguration;
			buildSettings = {
				CODE_SIGN_STYLE = Automatic;
				PRODUCT_NAME = "$(TARGET_NAME)";
			};
			name = Release;
		};
		EFB570CB206F9B5300C3AD35 /* Debug */ = {
			isa = XCBuildConfiguration;
			buildSettings = {
				CODE_SIGN_STYLE = Automatic;
				PRODUCT_NAME = "$(TARGET_NAME)";
			};
			name = Debug;
		};
		EFB570CC206F9B5300C3AD35 /* Release */ = {
			isa = XCBuildConfiguration;
			buildSettings = {
				CODE_SIGN_STYLE = Automatic;
				PRODUCT_NAME = "$(TARGET_NAME)";
			};
			name = Release;
		};
		EFB570D7206F9F9800C3AD35 /* Debug */ = {
			isa = XCBuildConfiguration;
			buildSettings = {
				CODE_SIGN_STYLE = Automatic;
				PRODUCT_NAME = "$(TARGET_NAME)";
			};
			name = Debug;
		};
		EFB570D8206F9F9800C3AD35 /* Release */ = {
			isa = XCBuildConfiguration;
			buildSettings = {
				CODE_SIGN_STYLE = Automatic;
				PRODUCT_NAME = "$(TARGET_NAME)";
			};
			name = Release;
		};
		EFB570E2206FA25D00C3AD35 /* Debug */ = {
			isa = XCBuildConfiguration;
			buildSettings = {
				CODE_SIGN_STYLE = Automatic;
				PRODUCT_NAME = "$(TARGET_NAME)";
			};
			name = Debug;
		};
		EFB570E3206FA25D00C3AD35 /* Release */ = {
			isa = XCBuildConfiguration;
			buildSettings = {
				CODE_SIGN_STYLE = Automatic;
				PRODUCT_NAME = "$(TARGET_NAME)";
			};
			name = Release;
		};
		EFB570ED206FA83D00C3AD35 /* Debug */ = {
			isa = XCBuildConfiguration;
			buildSettings = {
				CODE_SIGN_STYLE = Automatic;
				PRODUCT_NAME = "$(TARGET_NAME)";
			};
			name = Debug;
		};
		EFB570EE206FA83D00C3AD35 /* Release */ = {
			isa = XCBuildConfiguration;
			buildSettings = {
				CODE_SIGN_STYLE = Automatic;
				PRODUCT_NAME = "$(TARGET_NAME)";
			};
			name = Release;
		};
		EFB570F8206FAB7F00C3AD35 /* Debug */ = {
			isa = XCBuildConfiguration;
			buildSettings = {
				CODE_SIGN_STYLE = Automatic;
				PRODUCT_NAME = "$(TARGET_NAME)";
			};
			name = Debug;
		};
		EFB570F9206FAB7F00C3AD35 /* Release */ = {
			isa = XCBuildConfiguration;
			buildSettings = {
				CODE_SIGN_STYLE = Automatic;
				PRODUCT_NAME = "$(TARGET_NAME)";
			};
			name = Release;
		};
/* End XCBuildConfiguration section */

/* Begin XCConfigurationList section */
		EF06C5122073602E009960B9 /* Build configuration list for PBXNativeTarget "5. Kth Largest Element" */ = {
			isa = XCConfigurationList;
			buildConfigurations = (
				EF06C5102073602E009960B9 /* Debug */,
				EF06C5112073602E009960B9 /* Release */,
			);
			defaultConfigurationIsVisible = 0;
			defaultConfigurationName = Release;
		};
		EF37C8F12070B9F5005538ED /* Build configuration list for PBXNativeTarget "165. Merge Two Sorted Lists" */ = {
			isa = XCConfigurationList;
			buildConfigurations = (
				EF37C8EF2070B9F5005538ED /* Debug */,
				EF37C8F02070B9F5005538ED /* Release */,
			);
			defaultConfigurationIsVisible = 0;
			defaultConfigurationName = Release;
		};
		EF37C8FA2070BE08005538ED /* Build configuration list for PBXNativeTarget "104. Merge K Sorted Lists" */ = {
			isa = XCConfigurationList;
			buildConfigurations = (
				EF37C8FB2070BE08005538ED /* Debug */,
				EF37C8FC2070BE08005538ED /* Release */,
			);
			defaultConfigurationIsVisible = 0;
			defaultConfigurationName = Release;
		};
		EFB57083206F6E8000C3AD35 /* Build configuration list for PBXProject "Immortals" */ = {
			isa = XCConfigurationList;
			buildConfigurations = (
				EFB5708D206F6E8000C3AD35 /* Debug */,
				EFB5708E206F6E8000C3AD35 /* Release */,
			);
			defaultConfigurationIsVisible = 0;
			defaultConfigurationName = Release;
		};
		EFB570A6206F753A00C3AD35 /* Build configuration list for PBXNativeTarget "36. Reverse Linked List II" */ = {
			isa = XCConfigurationList;
			buildConfigurations = (
				EFB570A7206F753A00C3AD35 /* Debug */,
				EFB570A8206F753A00C3AD35 /* Release */,
			);
			defaultConfigurationIsVisible = 0;
			defaultConfigurationName = Release;
		};
		EFB570BC206F764600C3AD35 /* Build configuration list for PBXNativeTarget "35. Reverse Linked List" */ = {
			isa = XCConfigurationList;
			buildConfigurations = (
				EFB570BD206F764600C3AD35 /* Debug */,
				EFB570BE206F764600C3AD35 /* Release */,
			);
			defaultConfigurationIsVisible = 0;
			defaultConfigurationName = Release;
		};
		EFB570CD206F9B5300C3AD35 /* Build configuration list for PBXNativeTarget "380. Intersection of Two Linked Lists" */ = {
			isa = XCConfigurationList;
			buildConfigurations = (
				EFB570CB206F9B5300C3AD35 /* Debug */,
				EFB570CC206F9B5300C3AD35 /* Release */,
			);
			defaultConfigurationIsVisible = 0;
			defaultConfigurationName = Release;
		};
		EFB570D6206F9F9800C3AD35 /* Build configuration list for PBXNativeTarget "102. Linked List Cycle" */ = {
			isa = XCConfigurationList;
			buildConfigurations = (
				EFB570D7206F9F9800C3AD35 /* Debug */,
				EFB570D8206F9F9800C3AD35 /* Release */,
			);
			defaultConfigurationIsVisible = 0;
			defaultConfigurationName = Release;
		};
		EFB570E1206FA25D00C3AD35 /* Build configuration list for PBXNativeTarget "103. Linked List Cycle II" */ = {
			isa = XCConfigurationList;
			buildConfigurations = (
				EFB570E2206FA25D00C3AD35 /* Debug */,
				EFB570E3206FA25D00C3AD35 /* Release */,
			);
			defaultConfigurationIsVisible = 0;
			defaultConfigurationName = Release;
		};
		EFB570EC206FA83D00C3AD35 /* Build configuration list for PBXNativeTarget "96. Partition List" */ = {
			isa = XCConfigurationList;
			buildConfigurations = (
				EFB570ED206FA83D00C3AD35 /* Debug */,
				EFB570EE206FA83D00C3AD35 /* Release */,
			);
			defaultConfigurationIsVisible = 0;
			defaultConfigurationName = Release;
		};
		EFB570F7206FAB7F00C3AD35 /* Build configuration list for PBXNativeTarget "105. Copy List with Random Pointer" */ = {
			isa = XCConfigurationList;
			buildConfigurations = (
				EFB570F8206FAB7F00C3AD35 /* Debug */,
				EFB570F9206FAB7F00C3AD35 /* Release */,
			);
			defaultConfigurationIsVisible = 0;
			defaultConfigurationName = Release;
		};
/* End XCConfigurationList section */
	};
	rootObject = EFB57080206F6E8000C3AD35 /* Project object */;
}
